{
  "nodes": {
    "flake-utils": {
      "locked": {
        "lastModified": 1678901627,
        "narHash": "sha256-U02riOqrKKzwjsxc/400XnElV+UtPUQWpANPlyazjH0=",
        "owner": "numtide",
        "repo": "flake-utils",
        "rev": "93a2b84fc4b70d9e089d029deacc3583435c2ed6",
        "type": "github"
      },
      "original": {
        "owner": "numtide",
        "repo": "flake-utils",
        "type": "github"
      }
    },
    "nixpkgs": {
      "locked": {
<<<<<<< HEAD
        "lastModified": 1679865578,
        "narHash": "sha256-sYQmxxqIYL3QFsRYjW0AufhGur8qWfwoOGPGHRJZlGc=",
||||||| parent of 2f31666c4... Update nixpkgs flake
        "lastModified": 1678898370,
        "narHash": "sha256-xTICr1j+uat5hk9FyuPOFGxpWHdJRibwZC+ATi0RbtE=",
=======
        "lastModified": 1679797994,
        "narHash": "sha256-Kr/O/UlfqAtoFmkZeAaphsxogeaN8a/IugBApFzPfpk=",
>>>>>>> 2f31666c4... Update nixpkgs flake
        "owner": "nixos",
        "repo": "nixpkgs",
<<<<<<< HEAD
        "rev": "4361baa782dc3d3b35fd455a1adc370681d9187c",
||||||| parent of 2f31666c4... Update nixpkgs flake
        "rev": "ac718d02867a84b42522a0ece52d841188208f2c",
=======
        "rev": "5f9d1bb572e08ec432ae46c78581919d837a90f6",
>>>>>>> 2f31666c4... Update nixpkgs flake
        "type": "github"
      },
      "original": {
        "owner": "nixos",
        "ref": "nixos-unstable",
        "repo": "nixpkgs",
        "type": "github"
      }
    },
    "root": {
      "inputs": {
        "flake-utils": "flake-utils",
        "nixpkgs": "nixpkgs"
      }
    }
  },
  "root": "root",
  "version": 7
}
